
Microsoft Visual Studio Solution File, Format Version 12.00
# Visual Studio 15
VisualStudioVersion = 15.0.26730.10
MinimumVisualStudioVersion = 10.0.40219.1
Project("{9A19103F-16F7-4668-BE54-9A1E7A4F7556}") = "UnitTestOrientDb", "UnitTestOrientDb\UnitTestOrientDb.csproj", "{301E15A4-8F39-444F-8742-77820A45B8F8}"
EndProject
Global
	GlobalSection(SolutionConfigurationPlatforms) = preSolution
		Debug|Any CPU = Debug|Any CPU
		Release|Any CPU = Release|Any CPU
	EndGlobalSection
	GlobalSection(ProjectConfigurationPlatforms) = postSolution
		{301E15A4-8F39-444F-8742-77820A45B8F8}.Debug|Any CPU.ActiveCfg = Debug|Any CPU
		{301E15A4-8F39-444F-8742-77820A45B8F8}.Debug|Any CPU.Build.0 = Debug|Any CPU
		{301E15A4-8F39-444F-8742-77820A45B8F8}.Release|Any CPU.ActiveCfg = Release|Any CPU
		{301E15A4-8F39-444F-8742-77820A45B8F8}.Release|Any CPU.Build.0 = Release|Any CPU
	EndGlobalSection
	GlobalSection(SolutionProperties) = preSolution
		HideSolutionNode = FALSE
	EndGlobalSection
	GlobalSection(ExtensibilityGlobals) = postSolution
		SolutionGuid = {F2AB1C57-74FF-4F9A-9F75-8ED96212086F}
	EndGlobalSection
EndGlobal
